
Microsoft Visual Studio Solution File, Format Version 12.00
# Visual Studio Version 17
VisualStudioVersion = 17.9.34622.214
MinimumVisualStudioVersion = 10.0.40219.1
Project("{FAE04EC0-301F-11D3-BF4B-00C04F79EFBC}") = "testgihub", "testgihub\testgihub.csproj", "{4BDD10F1-4AE0-4C82-A390-3C192E71EA2E}"
EndProject
Global
	GlobalSection(SolutionConfigurationPlatforms) = preSolution
		Debug|Any CPU = Debug|Any CPU
		Release|Any CPU = Release|Any CPU
	EndGlobalSection
	GlobalSection(ProjectConfigurationPlatforms) = postSolution
		{4BDD10F1-4AE0-4C82-A390-3C192E71EA2E}.Debug|Any CPU.ActiveCfg = Debug|Any CPU
		{4BDD10F1-4AE0-4C82-A390-3C192E71EA2E}.Debug|Any CPU.Build.0 = Debug|Any CPU
		{4BDD10F1-4AE0-4C82-A390-3C192E71EA2E}.Release|Any CPU.ActiveCfg = Release|Any CPU
		{4BDD10F1-4AE0-4C82-A390-3C192E71EA2E}.Release|Any CPU.Build.0 = Release|Any CPU
	EndGlobalSection
	GlobalSection(SolutionProperties) = preSolution
		HideSolutionNode = FALSE
	EndGlobalSection
	GlobalSection(ExtensibilityGlobals) = postSolution
		SolutionGuid = {F8F5F1E9-8285-49A9-9938-9EB6FA1D2992}
	EndGlobalSection
EndGlobal
